
Microsoft Visual Studio Solution File, Format Version 12.00
# Visual Studio 15
VisualStudioVersion = 15.0.26403.7
MinimumVisualStudioVersion = 10.0.40219.1
Project("{FAE04EC0-301F-11D3-BF4B-00C04F79EFBC}") = "BeerInventory", "BeerInventory\BeerInventory.csproj", "{83CFEC3D-0A64-4428-ADA6-38EFE2446A86}"
EndProject
Project("{FAE04EC0-301F-11D3-BF4B-00C04F79EFBC}") = "BeerInventory.Tests", "BeerInventory.Tests\BeerInventory.Tests.csproj", "{F8755E78-D605-401C-B126-1C101C7A27E8}"
EndProject
Project("{D954291E-2A0B-460D-934E-DC6B0785DB48}") = "BeerInventoryApp", "BeerInventoryApp\BeerInventoryApp\BeerInventoryApp.shproj", "{ADED300E-A39D-4197-BEB2-BB5C4C89A368}"
EndProject
Project("{FAE04EC0-301F-11D3-BF4B-00C04F79EFBC}") = "BeerInventoryApp.Android", "BeerInventoryApp\BeerInventoryApp.Android\BeerInventoryApp.Android.csproj", "{F175C4D5-4EDC-4512-BB06-5A267F2D3796}"
EndProject
Project("{FAE04EC0-301F-11D3-BF4B-00C04F79EFBC}") = "BeerInventoryApp.iOS", "BeerInventoryApp\BeerInventoryApp.iOS\BeerInventoryApp.iOS.csproj", "{0E8C812D-0C85-4A7B-BF87-7CA06FB210CD}"
EndProject
Project("{FAE04EC0-301F-11D3-BF4B-00C04F79EFBC}") = "BeerInventoryApp.UWP", "BeerInventoryApp\BeerInventoryApp.UWP\BeerInventoryApp.UWP.csproj", "{AD1281B1-0125-4E29-91B6-608E897F7536}"
EndProject
Global
	GlobalSection(SharedMSBuildProjectFiles) = preSolution
		BeerInventoryApp\BeerInventoryApp\BeerInventoryApp.projitems*{0e8c812d-0c85-4a7b-bf87-7ca06fb210cd}*SharedItemsImports = 4
		BeerInventoryApp\BeerInventoryApp\BeerInventoryApp.projitems*{ad1281b1-0125-4e29-91b6-608e897f7536}*SharedItemsImports = 4
		BeerInventoryApp\BeerInventoryApp\BeerInventoryApp.projitems*{aded300e-a39d-4197-beb2-bb5c4c89a368}*SharedItemsImports = 13
		BeerInventoryApp\BeerInventoryApp\BeerInventoryApp.projitems*{f175c4d5-4edc-4512-bb06-5a267f2d3796}*SharedItemsImports = 4
	EndGlobalSection
	GlobalSection(SolutionConfigurationPlatforms) = preSolution
		Ad-Hoc|Any CPU = Ad-Hoc|Any CPU
		Ad-Hoc|ARM = Ad-Hoc|ARM
		Ad-Hoc|iPhone = Ad-Hoc|iPhone
		Ad-Hoc|iPhoneSimulator = Ad-Hoc|iPhoneSimulator
		Ad-Hoc|x64 = Ad-Hoc|x64
		Ad-Hoc|x86 = Ad-Hoc|x86
		AppStore|Any CPU = AppStore|Any CPU
		AppStore|ARM = AppStore|ARM
		AppStore|iPhone = AppStore|iPhone
		AppStore|iPhoneSimulator = AppStore|iPhoneSimulator
		AppStore|x64 = AppStore|x64
		AppStore|x86 = AppStore|x86
		Debug|Any CPU = Debug|Any CPU
		Debug|ARM = Debug|ARM
		Debug|iPhone = Debug|iPhone
		Debug|iPhoneSimulator = Debug|iPhoneSimulator
		Debug|x64 = Debug|x64
		Debug|x86 = Debug|x86
		Release|Any CPU = Release|Any CPU
		Release|ARM = Release|ARM
		Release|iPhone = Release|iPhone
		Release|iPhoneSimulator = Release|iPhoneSimulator
		Release|x64 = Release|x64
		Release|x86 = Release|x86
	EndGlobalSection
	GlobalSection(ProjectConfigurationPlatforms) = postSolution
		{83CFEC3D-0A64-4428-ADA6-38EFE2446A86}.Ad-Hoc|Any CPU.ActiveCfg = Release|Any CPU
		{83CFEC3D-0A64-4428-ADA6-38EFE2446A86}.Ad-Hoc|Any CPU.Build.0 = Release|Any CPU
		{83CFEC3D-0A64-4428-ADA6-38EFE2446A86}.Ad-Hoc|ARM.ActiveCfg = Release|Any CPU
		{83CFEC3D-0A64-4428-ADA6-38EFE2446A86}.Ad-Hoc|ARM.Build.0 = Release|Any CPU
		{83CFEC3D-0A64-4428-ADA6-38EFE2446A86}.Ad-Hoc|iPhone.ActiveCfg = Release|Any CPU
		{83CFEC3D-0A64-4428-ADA6-38EFE2446A86}.Ad-Hoc|iPhone.Build.0 = Release|Any CPU
		{83CFEC3D-0A64-4428-ADA6-38EFE2446A86}.Ad-Hoc|iPhoneSimulator.ActiveCfg = Release|Any CPU
		{83CFEC3D-0A64-4428-ADA6-38EFE2446A86}.Ad-Hoc|iPhoneSimulator.Build.0 = Release|Any CPU
		{83CFEC3D-0A64-4428-ADA6-38EFE2446A86}.Ad-Hoc|x64.ActiveCfg = Release|Any CPU
		{83CFEC3D-0A64-4428-ADA6-38EFE2446A86}.Ad-Hoc|x64.Build.0 = Release|Any CPU
		{83CFEC3D-0A64-4428-ADA6-38EFE2446A86}.Ad-Hoc|x86.ActiveCfg = Release|Any CPU
		{83CFEC3D-0A64-4428-ADA6-38EFE2446A86}.Ad-Hoc|x86.Build.0 = Release|Any CPU
		{83CFEC3D-0A64-4428-ADA6-38EFE2446A86}.AppStore|Any CPU.ActiveCfg = Release|Any CPU
		{83CFEC3D-0A64-4428-ADA6-38EFE2446A86}.AppStore|Any CPU.Build.0 = Release|Any CPU
		{83CFEC3D-0A64-4428-ADA6-38EFE2446A86}.AppStore|ARM.ActiveCfg = Release|Any CPU
		{83CFEC3D-0A64-4428-ADA6-38EFE2446A86}.AppStore|ARM.Build.0 = Release|Any CPU
		{83CFEC3D-0A64-4428-ADA6-38EFE2446A86}.AppStore|iPhone.ActiveCfg = Release|Any CPU
		{83CFEC3D-0A64-4428-ADA6-38EFE2446A86}.AppStore|iPhone.Build.0 = Release|Any CPU
		{83CFEC3D-0A64-4428-ADA6-38EFE2446A86}.AppStore|iPhoneSimulator.ActiveCfg = Release|Any CPU
		{83CFEC3D-0A64-4428-ADA6-38EFE2446A86}.AppStore|iPhoneSimulator.Build.0 = Release|Any CPU
		{83CFEC3D-0A64-4428-ADA6-38EFE2446A86}.AppStore|x64.ActiveCfg = Release|Any CPU
		{83CFEC3D-0A64-4428-ADA6-38EFE2446A86}.AppStore|x64.Build.0 = Release|Any CPU
		{83CFEC3D-0A64-4428-ADA6-38EFE2446A86}.AppStore|x86.ActiveCfg = Release|Any CPU
		{83CFEC3D-0A64-4428-ADA6-38EFE2446A86}.AppStore|x86.Build.0 = Release|Any CPU
		{83CFEC3D-0A64-4428-ADA6-38EFE2446A86}.Debug|Any CPU.ActiveCfg = Debug|Any CPU
		{83CFEC3D-0A64-4428-ADA6-38EFE2446A86}.Debug|Any CPU.Build.0 = Debug|Any CPU
		{83CFEC3D-0A64-4428-ADA6-38EFE2446A86}.Debug|ARM.ActiveCfg = Debug|Any CPU
		{83CFEC3D-0A64-4428-ADA6-38EFE2446A86}.Debug|ARM.Build.0 = Debug|Any CPU
		{83CFEC3D-0A64-4428-ADA6-38EFE2446A86}.Debug|iPhone.ActiveCfg = Debug|Any CPU
		{83CFEC3D-0A64-4428-ADA6-38EFE2446A86}.Debug|iPhone.Build.0 = Debug|Any CPU
		{83CFEC3D-0A64-4428-ADA6-38EFE2446A86}.Debug|iPhoneSimulator.ActiveCfg = Debug|Any CPU
		{83CFEC3D-0A64-4428-ADA6-38EFE2446A86}.Debug|iPhoneSimulator.Build.0 = Debug|Any CPU
		{83CFEC3D-0A64-4428-ADA6-38EFE2446A86}.Debug|x64.ActiveCfg = Debug|Any CPU
		{83CFEC3D-0A64-4428-ADA6-38EFE2446A86}.Debug|x64.Build.0 = Debug|Any CPU
		{83CFEC3D-0A64-4428-ADA6-38EFE2446A86}.Debug|x86.ActiveCfg = Debug|Any CPU
		{83CFEC3D-0A64-4428-ADA6-38EFE2446A86}.Debug|x86.Build.0 = Debug|Any CPU
		{83CFEC3D-0A64-4428-ADA6-38EFE2446A86}.Release|Any CPU.ActiveCfg = Release|Any CPU
		{83CFEC3D-0A64-4428-ADA6-38EFE2446A86}.Release|Any CPU.Build.0 = Release|Any CPU
		{83CFEC3D-0A64-4428-ADA6-38EFE2446A86}.Release|ARM.ActiveCfg = Release|Any CPU
		{83CFEC3D-0A64-4428-ADA6-38EFE2446A86}.Release|ARM.Build.0 = Release|Any CPU
		{83CFEC3D-0A64-4428-ADA6-38EFE2446A86}.Release|iPhone.ActiveCfg = Release|Any CPU
		{83CFEC3D-0A64-4428-ADA6-38EFE2446A86}.Release|iPhone.Build.0 = Release|Any CPU
		{83CFEC3D-0A64-4428-ADA6-38EFE2446A86}.Release|iPhoneSimulator.ActiveCfg = Release|Any CPU
		{83CFEC3D-0A64-4428-ADA6-38EFE2446A86}.Release|iPhoneSimulator.Build.0 = Release|Any CPU
		{83CFEC3D-0A64-4428-ADA6-38EFE2446A86}.Release|x64.ActiveCfg = Release|Any CPU
		{83CFEC3D-0A64-4428-ADA6-38EFE2446A86}.Release|x64.Build.0 = Release|Any CPU
		{83CFEC3D-0A64-4428-ADA6-38EFE2446A86}.Release|x86.ActiveCfg = Release|Any CPU
		{83CFEC3D-0A64-4428-ADA6-38EFE2446A86}.Release|x86.Build.0 = Release|Any CPU
		{F8755E78-D605-401C-B126-1C101C7A27E8}.Ad-Hoc|Any CPU.ActiveCfg = Release|Any CPU
		{F8755E78-D605-401C-B126-1C101C7A27E8}.Ad-Hoc|Any CPU.Build.0 = Release|Any CPU
		{F8755E78-D605-401C-B126-1C101C7A27E8}.Ad-Hoc|ARM.ActiveCfg = Release|Any CPU
		{F8755E78-D605-401C-B126-1C101C7A27E8}.Ad-Hoc|ARM.Build.0 = Release|Any CPU
		{F8755E78-D605-401C-B126-1C101C7A27E8}.Ad-Hoc|iPhone.ActiveCfg = Release|Any CPU
		{F8755E78-D605-401C-B126-1C101C7A27E8}.Ad-Hoc|iPhone.Build.0 = Release|Any CPU
		{F8755E78-D605-401C-B126-1C101C7A27E8}.Ad-Hoc|iPhoneSimulator.ActiveCfg = Release|Any CPU
		{F8755E78-D605-401C-B126-1C101C7A27E8}.Ad-Hoc|iPhoneSimulator.Build.0 = Release|Any CPU
		{F8755E78-D605-401C-B126-1C101C7A27E8}.Ad-Hoc|x64.ActiveCfg = Release|Any CPU
		{F8755E78-D605-401C-B126-1C101C7A27E8}.Ad-Hoc|x64.Build.0 = Release|Any CPU
		{F8755E78-D605-401C-B126-1C101C7A27E8}.Ad-Hoc|x86.ActiveCfg = Release|Any CPU
		{F8755E78-D605-401C-B126-1C101C7A27E8}.Ad-Hoc|x86.Build.0 = Release|Any CPU
		{F8755E78-D605-401C-B126-1C101C7A27E8}.AppStore|Any CPU.ActiveCfg = Release|Any CPU
		{F8755E78-D605-401C-B126-1C101C7A27E8}.AppStore|Any CPU.Build.0 = Release|Any CPU
		{F8755E78-D605-401C-B126-1C101C7A27E8}.AppStore|ARM.ActiveCfg = Release|Any CPU
		{F8755E78-D605-401C-B126-1C101C7A27E8}.AppStore|ARM.Build.0 = Release|Any CPU
		{F8755E78-D605-401C-B126-1C101C7A27E8}.AppStore|iPhone.ActiveCfg = Release|Any CPU
		{F8755E78-D605-401C-B126-1C101C7A27E8}.AppStore|iPhone.Build.0 = Release|Any CPU
		{F8755E78-D605-401C-B126-1C101C7A27E8}.AppStore|iPhoneSimulator.ActiveCfg = Release|Any CPU
		{F8755E78-D605-401C-B126-1C101C7A27E8}.AppStore|iPhoneSimulator.Build.0 = Release|Any CPU
		{F8755E78-D605-401C-B126-1C101C7A27E8}.AppStore|x64.ActiveCfg = Release|Any CPU
		{F8755E78-D605-401C-B126-1C101C7A27E8}.AppStore|x64.Build.0 = Release|Any CPU
		{F8755E78-D605-401C-B126-1C101C7A27E8}.AppStore|x86.ActiveCfg = Release|Any CPU
		{F8755E78-D605-401C-B126-1C101C7A27E8}.AppStore|x86.Build.0 = Release|Any CPU
		{F8755E78-D605-401C-B126-1C101C7A27E8}.Debug|Any CPU.ActiveCfg = Debug|Any CPU
		{F8755E78-D605-401C-B126-1C101C7A27E8}.Debug|Any CPU.Build.0 = Debug|Any CPU
		{F8755E78-D605-401C-B126-1C101C7A27E8}.Debug|ARM.ActiveCfg = Debug|Any CPU
		{F8755E78-D605-401C-B126-1C101C7A27E8}.Debug|ARM.Build.0 = Debug|Any CPU
		{F8755E78-D605-401C-B126-1C101C7A27E8}.Debug|iPhone.ActiveCfg = Debug|Any CPU
		{F8755E78-D605-401C-B126-1C101C7A27E8}.Debug|iPhone.Build.0 = Debug|Any CPU
		{F8755E78-D605-401C-B126-1C101C7A27E8}.Debug|iPhoneSimulator.ActiveCfg = Debug|Any CPU
		{F8755E78-D605-401C-B126-1C101C7A27E8}.Debug|iPhoneSimulator.Build.0 = Debug|Any CPU
		{F8755E78-D605-401C-B126-1C101C7A27E8}.Debug|x64.ActiveCfg = Debug|Any CPU
		{F8755E78-D605-401C-B126-1C101C7A27E8}.Debug|x64.Build.0 = Debug|Any CPU
		{F8755E78-D605-401C-B126-1C101C7A27E8}.Debug|x86.ActiveCfg = Debug|Any CPU
		{F8755E78-D605-401C-B126-1C101C7A27E8}.Debug|x86.Build.0 = Debug|Any CPU
		{F8755E78-D605-401C-B126-1C101C7A27E8}.Release|Any CPU.ActiveCfg = Release|Any CPU
		{F8755E78-D605-401C-B126-1C101C7A27E8}.Release|Any CPU.Build.0 = Release|Any CPU
		{F8755E78-D605-401C-B126-1C101C7A27E8}.Release|ARM.ActiveCfg = Release|Any CPU
		{F8755E78-D605-401C-B126-1C101C7A27E8}.Release|ARM.Build.0 = Release|Any CPU
		{F8755E78-D605-401C-B126-1C101C7A27E8}.Release|iPhone.ActiveCfg = Release|Any CPU
		{F8755E78-D605-401C-B126-1C101C7A27E8}.Release|iPhone.Build.0 = Release|Any CPU
		{F8755E78-D605-401C-B126-1C101C7A27E8}.Release|iPhoneSimulator.ActiveCfg = Release|Any CPU
		{F8755E78-D605-401C-B126-1C101C7A27E8}.Release|iPhoneSimulator.Build.0 = Release|Any CPU
		{F8755E78-D605-401C-B126-1C101C7A27E8}.Release|x64.ActiveCfg = Release|Any CPU
		{F8755E78-D605-401C-B126-1C101C7A27E8}.Release|x64.Build.0 = Release|Any CPU
		{F8755E78-D605-401C-B126-1C101C7A27E8}.Release|x86.ActiveCfg = Release|Any CPU
		{F8755E78-D605-401C-B126-1C101C7A27E8}.Release|x86.Build.0 = Release|Any CPU
		{F175C4D5-4EDC-4512-BB06-5A267F2D3796}.Ad-Hoc|Any CPU.ActiveCfg = Release|Any CPU
		{F175C4D5-4EDC-4512-BB06-5A267F2D3796}.Ad-Hoc|Any CPU.Build.0 = Release|Any CPU
		{F175C4D5-4EDC-4512-BB06-5A267F2D3796}.Ad-Hoc|Any CPU.Deploy.0 = Release|Any CPU
		{F175C4D5-4EDC-4512-BB06-5A267F2D3796}.Ad-Hoc|ARM.ActiveCfg = Release|Any CPU
		{F175C4D5-4EDC-4512-BB06-5A267F2D3796}.Ad-Hoc|ARM.Build.0 = Release|Any CPU
		{F175C4D5-4EDC-4512-BB06-5A267F2D3796}.Ad-Hoc|ARM.Deploy.0 = Release|Any CPU
		{F175C4D5-4EDC-4512-BB06-5A267F2D3796}.Ad-Hoc|iPhone.ActiveCfg = Release|Any CPU
		{F175C4D5-4EDC-4512-BB06-5A267F2D3796}.Ad-Hoc|iPhone.Build.0 = Release|Any CPU
		{F175C4D5-4EDC-4512-BB06-5A267F2D3796}.Ad-Hoc|iPhone.Deploy.0 = Release|Any CPU
		{F175C4D5-4EDC-4512-BB06-5A267F2D3796}.Ad-Hoc|iPhoneSimulator.ActiveCfg = Release|Any CPU
		{F175C4D5-4EDC-4512-BB06-5A267F2D3796}.Ad-Hoc|iPhoneSimulator.Build.0 = Release|Any CPU
		{F175C4D5-4EDC-4512-BB06-5A267F2D3796}.Ad-Hoc|iPhoneSimulator.Deploy.0 = Release|Any CPU
		{F175C4D5-4EDC-4512-BB06-5A267F2D3796}.Ad-Hoc|x64.ActiveCfg = Release|Any CPU
		{F175C4D5-4EDC-4512-BB06-5A267F2D3796}.Ad-Hoc|x64.Build.0 = Release|Any CPU
		{F175C4D5-4EDC-4512-BB06-5A267F2D3796}.Ad-Hoc|x64.Deploy.0 = Release|Any CPU
		{F175C4D5-4EDC-4512-BB06-5A267F2D3796}.Ad-Hoc|x86.ActiveCfg = Release|Any CPU
		{F175C4D5-4EDC-4512-BB06-5A267F2D3796}.Ad-Hoc|x86.Build.0 = Release|Any CPU
		{F175C4D5-4EDC-4512-BB06-5A267F2D3796}.Ad-Hoc|x86.Deploy.0 = Release|Any CPU
		{F175C4D5-4EDC-4512-BB06-5A267F2D3796}.AppStore|Any CPU.ActiveCfg = Release|Any CPU
		{F175C4D5-4EDC-4512-BB06-5A267F2D3796}.AppStore|Any CPU.Build.0 = Release|Any CPU
		{F175C4D5-4EDC-4512-BB06-5A267F2D3796}.AppStore|Any CPU.Deploy.0 = Release|Any CPU
		{F175C4D5-4EDC-4512-BB06-5A267F2D3796}.AppStore|ARM.ActiveCfg = Release|Any CPU
		{F175C4D5-4EDC-4512-BB06-5A267F2D3796}.AppStore|ARM.Build.0 = Release|Any CPU
		{F175C4D5-4EDC-4512-BB06-5A267F2D3796}.AppStore|ARM.Deploy.0 = Release|Any CPU
		{F175C4D5-4EDC-4512-BB06-5A267F2D3796}.AppStore|iPhone.ActiveCfg = Release|Any CPU
		{F175C4D5-4EDC-4512-BB06-5A267F2D3796}.AppStore|iPhone.Build.0 = Release|Any CPU
		{F175C4D5-4EDC-4512-BB06-5A267F2D3796}.AppStore|iPhone.Deploy.0 = Release|Any CPU
		{F175C4D5-4EDC-4512-BB06-5A267F2D3796}.AppStore|iPhoneSimulator.ActiveCfg = Release|Any CPU
		{F175C4D5-4EDC-4512-BB06-5A267F2D3796}.AppStore|iPhoneSimulator.Build.0 = Release|Any CPU
		{F175C4D5-4EDC-4512-BB06-5A267F2D3796}.AppStore|iPhoneSimulator.Deploy.0 = Release|Any CPU
		{F175C4D5-4EDC-4512-BB06-5A267F2D3796}.AppStore|x64.ActiveCfg = Release|Any CPU
		{F175C4D5-4EDC-4512-BB06-5A267F2D3796}.AppStore|x64.Build.0 = Release|Any CPU
		{F175C4D5-4EDC-4512-BB06-5A267F2D3796}.AppStore|x64.Deploy.0 = Release|Any CPU
		{F175C4D5-4EDC-4512-BB06-5A267F2D3796}.AppStore|x86.ActiveCfg = Release|Any CPU
		{F175C4D5-4EDC-4512-BB06-5A267F2D3796}.AppStore|x86.Build.0 = Release|Any CPU
		{F175C4D5-4EDC-4512-BB06-5A267F2D3796}.AppStore|x86.Deploy.0 = Release|Any CPU
		{F175C4D5-4EDC-4512-BB06-5A267F2D3796}.Debug|Any CPU.ActiveCfg = Debug|Any CPU
		{F175C4D5-4EDC-4512-BB06-5A267F2D3796}.Debug|Any CPU.Build.0 = Debug|Any CPU
		{F175C4D5-4EDC-4512-BB06-5A267F2D3796}.Debug|Any CPU.Deploy.0 = Debug|Any CPU
		{F175C4D5-4EDC-4512-BB06-5A267F2D3796}.Debug|ARM.ActiveCfg = Debug|Any CPU
		{F175C4D5-4EDC-4512-BB06-5A267F2D3796}.Debug|ARM.Build.0 = Debug|Any CPU
		{F175C4D5-4EDC-4512-BB06-5A267F2D3796}.Debug|ARM.Deploy.0 = Debug|Any CPU
		{F175C4D5-4EDC-4512-BB06-5A267F2D3796}.Debug|iPhone.ActiveCfg = Debug|Any CPU
		{F175C4D5-4EDC-4512-BB06-5A267F2D3796}.Debug|iPhone.Build.0 = Debug|Any CPU
		{F175C4D5-4EDC-4512-BB06-5A267F2D3796}.Debug|iPhone.Deploy.0 = Debug|Any CPU
		{F175C4D5-4EDC-4512-BB06-5A267F2D3796}.Debug|iPhoneSimulator.ActiveCfg = Debug|Any CPU
		{F175C4D5-4EDC-4512-BB06-5A267F2D3796}.Debug|iPhoneSimulator.Build.0 = Debug|Any CPU
		{F175C4D5-4EDC-4512-BB06-5A267F2D3796}.Debug|iPhoneSimulator.Deploy.0 = Debug|Any CPU
		{F175C4D5-4EDC-4512-BB06-5A267F2D3796}.Debug|x64.ActiveCfg = Debug|Any CPU
		{F175C4D5-4EDC-4512-BB06-5A267F2D3796}.Debug|x64.Build.0 = Debug|Any CPU
		{F175C4D5-4EDC-4512-BB06-5A267F2D3796}.Debug|x64.Deploy.0 = Debug|Any CPU
		{F175C4D5-4EDC-4512-BB06-5A267F2D3796}.Debug|x86.ActiveCfg = Debug|Any CPU
		{F175C4D5-4EDC-4512-BB06-5A267F2D3796}.Debug|x86.Build.0 = Debug|Any CPU
		{F175C4D5-4EDC-4512-BB06-5A267F2D3796}.Debug|x86.Deploy.0 = Debug|Any CPU
		{F175C4D5-4EDC-4512-BB06-5A267F2D3796}.Release|Any CPU.ActiveCfg = Release|Any CPU
		{F175C4D5-4EDC-4512-BB06-5A267F2D3796}.Release|Any CPU.Build.0 = Release|Any CPU
		{F175C4D5-4EDC-4512-BB06-5A267F2D3796}.Release|Any CPU.Deploy.0 = Release|Any CPU
		{F175C4D5-4EDC-4512-BB06-5A267F2D3796}.Release|ARM.ActiveCfg = Release|Any CPU
		{F175C4D5-4EDC-4512-BB06-5A267F2D3796}.Release|ARM.Build.0 = Release|Any CPU
		{F175C4D5-4EDC-4512-BB06-5A267F2D3796}.Release|ARM.Deploy.0 = Release|Any CPU
		{F175C4D5-4EDC-4512-BB06-5A267F2D3796}.Release|iPhone.ActiveCfg = Release|Any CPU
		{F175C4D5-4EDC-4512-BB06-5A267F2D3796}.Release|iPhone.Build.0 = Release|Any CPU
		{F175C4D5-4EDC-4512-BB06-5A267F2D3796}.Release|iPhone.Deploy.0 = Release|Any CPU
		{F175C4D5-4EDC-4512-BB06-5A267F2D3796}.Release|iPhoneSimulator.ActiveCfg = Release|Any CPU
		{F175C4D5-4EDC-4512-BB06-5A267F2D3796}.Release|iPhoneSimulator.Build.0 = Release|Any CPU
		{F175C4D5-4EDC-4512-BB06-5A267F2D3796}.Release|iPhoneSimulator.Deploy.0 = Release|Any CPU
		{F175C4D5-4EDC-4512-BB06-5A267F2D3796}.Release|x64.ActiveCfg = Release|Any CPU
		{F175C4D5-4EDC-4512-BB06-5A267F2D3796}.Release|x64.Build.0 = Release|Any CPU
		{F175C4D5-4EDC-4512-BB06-5A267F2D3796}.Release|x64.Deploy.0 = Release|Any CPU
		{F175C4D5-4EDC-4512-BB06-5A267F2D3796}.Release|x86.ActiveCfg = Release|Any CPU
		{F175C4D5-4EDC-4512-BB06-5A267F2D3796}.Release|x86.Build.0 = Release|Any CPU
		{F175C4D5-4EDC-4512-BB06-5A267F2D3796}.Release|x86.Deploy.0 = Release|Any CPU
		{0E8C812D-0C85-4A7B-BF87-7CA06FB210CD}.Ad-Hoc|Any CPU.ActiveCfg = Ad-Hoc|iPhone
		{0E8C812D-0C85-4A7B-BF87-7CA06FB210CD}.Ad-Hoc|ARM.ActiveCfg = Ad-Hoc|iPhone
		{0E8C812D-0C85-4A7B-BF87-7CA06FB210CD}.Ad-Hoc|iPhone.ActiveCfg = Ad-Hoc|iPhone
		{0E8C812D-0C85-4A7B-BF87-7CA06FB210CD}.Ad-Hoc|iPhone.Build.0 = Ad-Hoc|iPhone
		{0E8C812D-0C85-4A7B-BF87-7CA06FB210CD}.Ad-Hoc|iPhoneSimulator.ActiveCfg = Ad-Hoc|iPhoneSimulator
		{0E8C812D-0C85-4A7B-BF87-7CA06FB210CD}.Ad-Hoc|iPhoneSimulator.Build.0 = Ad-Hoc|iPhoneSimulator
		{0E8C812D-0C85-4A7B-BF87-7CA06FB210CD}.Ad-Hoc|x64.ActiveCfg = Ad-Hoc|iPhone
		{0E8C812D-0C85-4A7B-BF87-7CA06FB210CD}.Ad-Hoc|x86.ActiveCfg = Ad-Hoc|iPhone
		{0E8C812D-0C85-4A7B-BF87-7CA06FB210CD}.AppStore|Any CPU.ActiveCfg = AppStore|iPhone
		{0E8C812D-0C85-4A7B-BF87-7CA06FB210CD}.AppStore|ARM.ActiveCfg = AppStore|iPhone
		{0E8C812D-0C85-4A7B-BF87-7CA06FB210CD}.AppStore|iPhone.ActiveCfg = AppStore|iPhone
		{0E8C812D-0C85-4A7B-BF87-7CA06FB210CD}.AppStore|iPhone.Build.0 = AppStore|iPhone
		{0E8C812D-0C85-4A7B-BF87-7CA06FB210CD}.AppStore|iPhoneSimulator.ActiveCfg = AppStore|iPhoneSimulator
		{0E8C812D-0C85-4A7B-BF87-7CA06FB210CD}.AppStore|iPhoneSimulator.Build.0 = AppStore|iPhoneSimulator
		{0E8C812D-0C85-4A7B-BF87-7CA06FB210CD}.AppStore|x64.ActiveCfg = AppStore|iPhone
		{0E8C812D-0C85-4A7B-BF87-7CA06FB210CD}.AppStore|x86.ActiveCfg = AppStore|iPhone
		{0E8C812D-0C85-4A7B-BF87-7CA06FB210CD}.Debug|Any CPU.ActiveCfg = Debug|iPhone
		{0E8C812D-0C85-4A7B-BF87-7CA06FB210CD}.Debug|ARM.ActiveCfg = Debug|iPhone
		{0E8C812D-0C85-4A7B-BF87-7CA06FB210CD}.Debug|iPhone.ActiveCfg = Debug|iPhone
		{0E8C812D-0C85-4A7B-BF87-7CA06FB210CD}.Debug|iPhone.Build.0 = Debug|iPhone
		{0E8C812D-0C85-4A7B-BF87-7CA06FB210CD}.Debug|iPhoneSimulator.ActiveCfg = Debug|iPhoneSimulator
		{0E8C812D-0C85-4A7B-BF87-7CA06FB210CD}.Debug|iPhoneSimulator.Build.0 = Debug|iPhoneSimulator
		{0E8C812D-0C85-4A7B-BF87-7CA06FB210CD}.Debug|x64.ActiveCfg = Debug|iPhone
		{0E8C812D-0C85-4A7B-BF87-7CA06FB210CD}.Debug|x86.ActiveCfg = Debug|iPhone
		{0E8C812D-0C85-4A7B-BF87-7CA06FB210CD}.Release|Any CPU.ActiveCfg = Release|iPhone
		{0E8C812D-0C85-4A7B-BF87-7CA06FB210CD}.Release|ARM.ActiveCfg = Release|iPhone
		{0E8C812D-0C85-4A7B-BF87-7CA06FB210CD}.Release|iPhone.ActiveCfg = Release|iPhone
		{0E8C812D-0C85-4A7B-BF87-7CA06FB210CD}.Release|iPhone.Build.0 = Release|iPhone
		{0E8C812D-0C85-4A7B-BF87-7CA06FB210CD}.Release|iPhoneSimulator.ActiveCfg = Release|iPhoneSimulator
		{0E8C812D-0C85-4A7B-BF87-7CA06FB210CD}.Release|iPhoneSimulator.Build.0 = Release|iPhoneSimulator
		{0E8C812D-0C85-4A7B-BF87-7CA06FB210CD}.Release|x64.ActiveCfg = Release|iPhone
		{0E8C812D-0C85-4A7B-BF87-7CA06FB210CD}.Release|x86.ActiveCfg = Release|iPhone
		{AD1281B1-0125-4E29-91B6-608E897F7536}.Ad-Hoc|Any CPU.ActiveCfg = Release|x86
		{AD1281B1-0125-4E29-91B6-608E897F7536}.Ad-Hoc|Any CPU.Build.0 = Release|x86
		{AD1281B1-0125-4E29-91B6-608E897F7536}.Ad-Hoc|Any CPU.Deploy.0 = Release|x86
		{AD1281B1-0125-4E29-91B6-608E897F7536}.Ad-Hoc|ARM.ActiveCfg = Release|ARM
		{AD1281B1-0125-4E29-91B6-608E897F7536}.Ad-Hoc|ARM.Build.0 = Release|ARM
		{AD1281B1-0125-4E29-91B6-608E897F7536}.Ad-Hoc|ARM.Deploy.0 = Release|ARM
		{AD1281B1-0125-4E29-91B6-608E897F7536}.Ad-Hoc|iPhone.ActiveCfg = Release|x86
		{AD1281B1-0125-4E29-91B6-608E897F7536}.Ad-Hoc|iPhone.Build.0 = Release|x86
		{AD1281B1-0125-4E29-91B6-608E897F7536}.Ad-Hoc|iPhone.Deploy.0 = Release|x86
		{AD1281B1-0125-4E29-91B6-608E897F7536}.Ad-Hoc|iPhoneSimulator.ActiveCfg = Release|x86
		{AD1281B1-0125-4E29-91B6-608E897F7536}.Ad-Hoc|iPhoneSimulator.Build.0 = Release|x86
		{AD1281B1-0125-4E29-91B6-608E897F7536}.Ad-Hoc|iPhoneSimulator.Deploy.0 = Release|x86
		{AD1281B1-0125-4E29-91B6-608E897F7536}.Ad-Hoc|x64.ActiveCfg = Release|x64
		{AD1281B1-0125-4E29-91B6-608E897F7536}.Ad-Hoc|x64.Build.0 = Release|x64
		{AD1281B1-0125-4E29-91B6-608E897F7536}.Ad-Hoc|x64.Deploy.0 = Release|x64
		{AD1281B1-0125-4E29-91B6-608E897F7536}.Ad-Hoc|x86.ActiveCfg = Release|x86
		{AD1281B1-0125-4E29-91B6-608E897F7536}.Ad-Hoc|x86.Build.0 = Release|x86
		{AD1281B1-0125-4E29-91B6-608E897F7536}.Ad-Hoc|x86.Deploy.0 = Release|x86
		{AD1281B1-0125-4E29-91B6-608E897F7536}.AppStore|Any CPU.ActiveCfg = Release|x86
		{AD1281B1-0125-4E29-91B6-608E897F7536}.AppStore|Any CPU.Build.0 = Release|x86
		{AD1281B1-0125-4E29-91B6-608E897F7536}.AppStore|Any CPU.Deploy.0 = Release|x86
		{AD1281B1-0125-4E29-91B6-608E897F7536}.AppStore|ARM.ActiveCfg = Release|ARM
		{AD1281B1-0125-4E29-91B6-608E897F7536}.AppStore|ARM.Build.0 = Release|ARM
		{AD1281B1-0125-4E29-91B6-608E897F7536}.AppStore|ARM.Deploy.0 = Release|ARM
		{AD1281B1-0125-4E29-91B6-608E897F7536}.AppStore|iPhone.ActiveCfg = Release|x86
		{AD1281B1-0125-4E29-91B6-608E897F7536}.AppStore|iPhone.Build.0 = Release|x86
		{AD1281B1-0125-4E29-91B6-608E897F7536}.AppStore|iPhone.Deploy.0 = Release|x86
		{AD1281B1-0125-4E29-91B6-608E897F7536}.AppStore|iPhoneSimulator.ActiveCfg = Release|x86
		{AD1281B1-0125-4E29-91B6-608E897F7536}.AppStore|iPhoneSimulator.Build.0 = Release|x86
		{AD1281B1-0125-4E29-91B6-608E897F7536}.AppStore|iPhoneSimulator.Deploy.0 = Release|x86
		{AD1281B1-0125-4E29-91B6-608E897F7536}.AppStore|x64.ActiveCfg = Release|x64
		{AD1281B1-0125-4E29-91B6-608E897F7536}.AppStore|x64.Build.0 = Release|x64
		{AD1281B1-0125-4E29-91B6-608E897F7536}.AppStore|x64.Deploy.0 = Release|x64
		{AD1281B1-0125-4E29-91B6-608E897F7536}.AppStore|x86.ActiveCfg = Release|x86
		{AD1281B1-0125-4E29-91B6-608E897F7536}.AppStore|x86.Build.0 = Release|x86
		{AD1281B1-0125-4E29-91B6-608E897F7536}.AppStore|x86.Deploy.0 = Release|x86
		{AD1281B1-0125-4E29-91B6-608E897F7536}.Debug|Any CPU.ActiveCfg = Debug|x86
		{AD1281B1-0125-4E29-91B6-608E897F7536}.Debug|ARM.ActiveCfg = Debug|ARM
		{AD1281B1-0125-4E29-91B6-608E897F7536}.Debug|ARM.Build.0 = Debug|ARM
		{AD1281B1-0125-4E29-91B6-608E897F7536}.Debug|ARM.Deploy.0 = Debug|ARM
		{AD1281B1-0125-4E29-91B6-608E897F7536}.Debug|iPhone.ActiveCfg = Debug|x86
		{AD1281B1-0125-4E29-91B6-608E897F7536}.Debug|iPhoneSimulator.ActiveCfg = Debug|x86
		{AD1281B1-0125-4E29-91B6-608E897F7536}.Debug|x64.ActiveCfg = Debug|x64
		{AD1281B1-0125-4E29-91B6-608E897F7536}.Debug|x64.Build.0 = Debug|x64
		{AD1281B1-0125-4E29-91B6-608E897F7536}.Debug|x64.Deploy.0 = Debug|x64
		{AD1281B1-0125-4E29-91B6-608E897F7536}.Debug|x86.ActiveCfg = Debug|x86
		{AD1281B1-0125-4E29-91B6-608E897F7536}.Debug|x86.Build.0 = Debug|x86
		{AD1281B1-0125-4E29-91B6-608E897F7536}.Debug|x86.Deploy.0 = Debug|x86
		{AD1281B1-0125-4E29-91B6-608E897F7536}.Release|Any CPU.ActiveCfg = Release|x86
		{AD1281B1-0125-4E29-91B6-608E897F7536}.Release|ARM.ActiveCfg = Release|ARM
		{AD1281B1-0125-4E29-91B6-608E897F7536}.Release|ARM.Build.0 = Release|ARM
		{AD1281B1-0125-4E29-91B6-608E897F7536}.Release|ARM.Deploy.0 = Release|ARM
		{AD1281B1-0125-4E29-91B6-608E897F7536}.Release|iPhone.ActiveCfg = Release|x86
		{AD1281B1-0125-4E29-91B6-608E897F7536}.Release|iPhoneSimulator.ActiveCfg = Release|x86
		{AD1281B1-0125-4E29-91B6-608E897F7536}.Release|x64.ActiveCfg = Release|x64
		{AD1281B1-0125-4E29-91B6-608E897F7536}.Release|x64.Build.0 = Release|x64
		{AD1281B1-0125-4E29-91B6-608E897F7536}.Release|x64.Deploy.0 = Release|x64
		{AD1281B1-0125-4E29-91B6-608E897F7536}.Release|x86.ActiveCfg = Release|x86
		{AD1281B1-0125-4E29-91B6-608E897F7536}.Release|x86.Build.0 = Release|x86
		{AD1281B1-0125-4E29-91B6-608E897F7536}.Release|x86.Deploy.0 = Release|x86
	EndGlobalSection
	GlobalSection(SolutionProperties) = preSolution
		HideSolutionNode = FALSE
	EndGlobalSection
EndGlobal
